schema: '2.0'
stages:
  data_ingestion:
    cmd: python src/data_ingestion.py
    deps:
    - path: src/data_ingestion.py
      hash: md5
      md5: 8520db1cdc902f42a01535d1dccad228
      size: 1987
    outs:
    - path: data/raw
      hash: md5
      md5: fb326d2eec197669f9638afde28356bf.dir
      size: 827973
      nfiles: 2
  data_preprocessing:
    cmd: python src/data_preprocessing.py
    deps:
    - path: data/raw
      hash: md5
      md5: fb326d2eec197669f9638afde28356bf.dir
      size: 827973
      nfiles: 2
    - path: src/data_preprocessing.py
      hash: md5
      md5: fb797e115adbe07a941246254920c0c6
      size: 2347
    outs:
    - path: data/processed
      hash: md5
      md5: ddc4fc9a086385aa9dcb7f91f3b0299c.dir
      size: 615862
      nfiles: 2
  feature_engineering:
    cmd: python src/feature_engineering.py
    deps:
    - path: data/processed
      hash: md5
      md5: ddc4fc9a086385aa9dcb7f91f3b0299c.dir
      size: 615862
      nfiles: 2
    - path: src/feature_engineering.py
      hash: md5
      md5: 1484ac382ac47afd629bfe988e06d75e
      size: 1156
    outs:
    - path: data/features
      hash: md5
      md5: b62632f26a7fbf01ef97f114ad95da64.dir
      size: 1118468
      nfiles: 2
  model_building:
    cmd: python src/model_building.py
    deps:
    - path: data/features
      hash: md5
      md5: b62632f26a7fbf01ef97f114ad95da64.dir
      size: 1118468
      nfiles: 2
    - path: src/model_building.py
      hash: md5
      md5: 302686a7057f2542945fb7c1531e8e8e
      size: 433
    outs:
    - path: model.pkl
      hash: md5
      md5: f9f60df0a59ddd639c7d7ea34d7d38d7
      size: 73002
  model_evaluation:
    cmd: python src/model_evaluation.py
    deps:
    - path: model.pkl
      hash: md5
      md5: f9f60df0a59ddd639c7d7ea34d7d38d7
      size: 73002
    - path: src/model_evaluation.py
      hash: md5
      md5: 1fc628db3072d01968802469af66e076
      size: 822
    outs:
    - path: metrics.json
      hash: md5
      md5: 2f6cc353dd2e349fad6f5f255bbc3640
      size: 146
